
Microsoft Visual Studio Solution File, Format Version 12.00
# Visual Studio Version 17
VisualStudioVersion = 17.0.31903.59
MinimumVisualStudioVersion = 10.0.40219.1
Project("{2150E333-8FDC-42A3-9474-1A3956D46DE8}") = "src", "src", "{827E0CD3-B72D-47B6-A68D-7590B98EB39B}"
EndProject
Project("{2150E333-8FDC-42A3-9474-1A3956D46DE8}") = "Domain", "Domain", "{8B290487-4C16-E85E-E807-F579CBE9FC4D}"
EndProject
Project("{FAE04EC0-301F-11D3-BF4B-00C04F79EFBC}") = "PathfinderCampaignManager.Domain", "src\Domain\PathfinderCampaignManager.Domain.csproj", "{999F8332-F72D-4619-A5AB-21B75C3D4A12}"
EndProject
Project("{FAE04EC0-301F-11D3-BF4B-00C04F79EFBC}") = "PathfinderCampaignManager.Application", "src\Application\PathfinderCampaignManager.Application.csproj", "{8C6B54D4-C615-4E07-B37B-70FEFD559423}"
EndProject
Project("{FAE04EC0-301F-11D3-BF4B-00C04F79EFBC}") = "PathfinderCampaignManager.Infrastructure", "src\Infrastructure\PathfinderCampaignManager.Infrastructure.csproj", "{A145C51F-FB93-48BF-BFD2-B8EB6DC8AA57}"
EndProject
Project("{FAE04EC0-301F-11D3-BF4B-00C04F79EFBC}") = "PathfinderCampaignManager.Presentation.Shared", "src\Presentation\Shared\PathfinderCampaignManager.Presentation.Shared.csproj", "{2568312A-F56B-48A4-8F7A-8584A2150173}"
EndProject
Project("{FAE04EC0-301F-11D3-BF4B-00C04F79EFBC}") = "PathfinderCampaignManager.Presentation.Server", "src\Presentation\Server\PathfinderCampaignManager.Presentation.Server.csproj", "{1B915D2A-B687-4897-AFA9-333688C488A2}"
EndProject
Project("{FAE04EC0-301F-11D3-BF4B-00C04F79EFBC}") = "PathfinderCampaignManager.Presentation.Client", "src\Presentation\Client\PathfinderCampaignManager.Presentation.Client.csproj", "{49BBE9C3-6339-46C5-A02A-12F2A56F5D28}"
EndProject
Project("{2150E333-8FDC-42A3-9474-1A3956D46DE8}") = "tests", "tests", "{0AB3BF05-4346-4AA6-1389-037BE0695223}"
EndProject
Project("{2150E333-8FDC-42A3-9474-1A3956D46DE8}") = "Unit", "Unit", "{9D556B49-86D1-93A7-9596-FFAAB74EC556}"
EndProject
Project("{2150E333-8FDC-42A3-9474-1A3956D46DE8}") = "Domain", "Domain", "{77C478CE-12C3-523C-F58C-2E5D00FC4F46}"
EndProject
Project("{FAE04EC0-301F-11D3-BF4B-00C04F79EFBC}") = "PathfinderCampaignManager.Domain.Tests", "tests\Unit\Domain\PathfinderCampaignManager.Domain.Tests.csproj", "{14FBEBA5-E126-4BB8-83F0-5BB2BA4B25E3}"
EndProject
Project("{FAE04EC0-301F-11D3-BF4B-00C04F79EFBC}") = "PathfinderCampaignManager.Application.Tests", "tests\Unit\Application\PathfinderCampaignManager.Application.Tests.csproj", "{7D7B9707-0686-462A-9F8D-7D3A669D366A}"
EndProject
Project("{FAE04EC0-301F-11D3-BF4B-00C04F79EFBC}") = "PathfinderCampaignManager.Infrastructure.Tests", "tests\Integration\Infrastructure\PathfinderCampaignManager.Infrastructure.Tests.csproj", "{E0EA00DE-8A35-492E-8E65-6995CD27F096}"
EndProject
Global
	GlobalSection(SolutionConfigurationPlatforms) = preSolution
		Debug|Any CPU = Debug|Any CPU
		Debug|x64 = Debug|x64
		Debug|x86 = Debug|x86
		Release|Any CPU = Release|Any CPU
		Release|x64 = Release|x64
		Release|x86 = Release|x86
	EndGlobalSection
	GlobalSection(ProjectConfigurationPlatforms) = postSolution
		{999F8332-F72D-4619-A5AB-21B75C3D4A12}.Debug|Any CPU.ActiveCfg = Debug|Any CPU
		{999F8332-F72D-4619-A5AB-21B75C3D4A12}.Debug|Any CPU.Build.0 = Debug|Any CPU
		{999F8332-F72D-4619-A5AB-21B75C3D4A12}.Debug|x64.ActiveCfg = Debug|Any CPU
		{999F8332-F72D-4619-A5AB-21B75C3D4A12}.Debug|x64.Build.0 = Debug|Any CPU
		{999F8332-F72D-4619-A5AB-21B75C3D4A12}.Debug|x86.ActiveCfg = Debug|Any CPU
		{999F8332-F72D-4619-A5AB-21B75C3D4A12}.Debug|x86.Build.0 = Debug|Any CPU
		{999F8332-F72D-4619-A5AB-21B75C3D4A12}.Release|Any CPU.ActiveCfg = Release|Any CPU
		{999F8332-F72D-4619-A5AB-21B75C3D4A12}.Release|Any CPU.Build.0 = Release|Any CPU
		{999F8332-F72D-4619-A5AB-21B75C3D4A12}.Release|x64.ActiveCfg = Release|Any CPU
		{999F8332-F72D-4619-A5AB-21B75C3D4A12}.Release|x64.Build.0 = Release|Any CPU
		{999F8332-F72D-4619-A5AB-21B75C3D4A12}.Release|x86.ActiveCfg = Release|Any CPU
		{999F8332-F72D-4619-A5AB-21B75C3D4A12}.Release|x86.Build.0 = Release|Any CPU
		{8C6B54D4-C615-4E07-B37B-70FEFD559423}.Debug|Any CPU.ActiveCfg = Debug|Any CPU
		{8C6B54D4-C615-4E07-B37B-70FEFD559423}.Debug|Any CPU.Build.0 = Debug|Any CPU
		{8C6B54D4-C615-4E07-B37B-70FEFD559423}.Debug|x64.ActiveCfg = Debug|Any CPU
		{8C6B54D4-C615-4E07-B37B-70FEFD559423}.Debug|x64.Build.0 = Debug|Any CPU
		{8C6B54D4-C615-4E07-B37B-70FEFD559423}.Debug|x86.ActiveCfg = Debug|Any CPU
		{8C6B54D4-C615-4E07-B37B-70FEFD559423}.Debug|x86.Build.0 = Debug|Any CPU
		{8C6B54D4-C615-4E07-B37B-70FEFD559423}.Release|Any CPU.ActiveCfg = Release|Any CPU
		{8C6B54D4-C615-4E07-B37B-70FEFD559423}.Release|Any CPU.Build.0 = Release|Any CPU
		{8C6B54D4-C615-4E07-B37B-70FEFD559423}.Release|x64.ActiveCfg = Release|Any CPU
		{8C6B54D4-C615-4E07-B37B-70FEFD559423}.Release|x64.Build.0 = Release|Any CPU
		{8C6B54D4-C615-4E07-B37B-70FEFD559423}.Release|x86.ActiveCfg = Release|Any CPU
		{8C6B54D4-C615-4E07-B37B-70FEFD559423}.Release|x86.Build.0 = Release|Any CPU
		{A145C51F-FB93-48BF-BFD2-B8EB6DC8AA57}.Debug|Any CPU.ActiveCfg = Debug|Any CPU
		{A145C51F-FB93-48BF-BFD2-B8EB6DC8AA57}.Debug|Any CPU.Build.0 = Debug|Any CPU
		{A145C51F-FB93-48BF-BFD2-B8EB6DC8AA57}.Debug|x64.ActiveCfg = Debug|Any CPU
		{A145C51F-FB93-48BF-BFD2-B8EB6DC8AA57}.Debug|x64.Build.0 = Debug|Any CPU
		{A145C51F-FB93-48BF-BFD2-B8EB6DC8AA57}.Debug|x86.ActiveCfg = Debug|Any CPU
		{A145C51F-FB93-48BF-BFD2-B8EB6DC8AA57}.Debug|x86.Build.0 = Debug|Any CPU
		{A145C51F-FB93-48BF-BFD2-B8EB6DC8AA57}.Release|Any CPU.ActiveCfg = Release|Any CPU
		{A145C51F-FB93-48BF-BFD2-B8EB6DC8AA57}.Release|Any CPU.Build.0 = Release|Any CPU
		{A145C51F-FB93-48BF-BFD2-B8EB6DC8AA57}.Release|x64.ActiveCfg = Release|Any CPU
		{A145C51F-FB93-48BF-BFD2-B8EB6DC8AA57}.Release|x64.Build.0 = Release|Any CPU
		{A145C51F-FB93-48BF-BFD2-B8EB6DC8AA57}.Release|x86.ActiveCfg = Release|Any CPU
		{A145C51F-FB93-48BF-BFD2-B8EB6DC8AA57}.Release|x86.Build.0 = Release|Any CPU
		{2568312A-F56B-48A4-8F7A-8584A2150173}.Debug|Any CPU.ActiveCfg = Debug|Any CPU
		{2568312A-F56B-48A4-8F7A-8584A2150173}.Debug|Any CPU.Build.0 = Debug|Any CPU
		{2568312A-F56B-48A4-8F7A-8584A2150173}.Debug|x64.ActiveCfg = Debug|Any CPU
		{2568312A-F56B-48A4-8F7A-8584A2150173}.Debug|x64.Build.0 = Debug|Any CPU
		{2568312A-F56B-48A4-8F7A-8584A2150173}.Debug|x86.ActiveCfg = Debug|Any CPU
		{2568312A-F56B-48A4-8F7A-8584A2150173}.Debug|x86.Build.0 = Debug|Any CPU
		{2568312A-F56B-48A4-8F7A-8584A2150173}.Release|Any CPU.ActiveCfg = Release|Any CPU
		{2568312A-F56B-48A4-8F7A-8584A2150173}.Release|Any CPU.Build.0 = Release|Any CPU
		{2568312A-F56B-48A4-8F7A-8584A2150173}.Release|x64.ActiveCfg = Release|Any CPU
		{2568312A-F56B-48A4-8F7A-8584A2150173}.Release|x64.Build.0 = Release|Any CPU
		{2568312A-F56B-48A4-8F7A-8584A2150173}.Release|x86.ActiveCfg = Release|Any CPU
		{2568312A-F56B-48A4-8F7A-8584A2150173}.Release|x86.Build.0 = Release|Any CPU
		{1B915D2A-B687-4897-AFA9-333688C488A2}.Debug|Any CPU.ActiveCfg = Debug|Any CPU
		{1B915D2A-B687-4897-AFA9-333688C488A2}.Debug|Any CPU.Build.0 = Debug|Any CPU
		{1B915D2A-B687-4897-AFA9-333688C488A2}.Debug|x64.ActiveCfg = Debug|Any CPU
		{1B915D2A-B687-4897-AFA9-333688C488A2}.Debug|x64.Build.0 = Debug|Any CPU
		{1B915D2A-B687-4897-AFA9-333688C488A2}.Debug|x86.ActiveCfg = Debug|Any CPU
		{1B915D2A-B687-4897-AFA9-333688C488A2}.Debug|x86.Build.0 = Debug|Any CPU
		{1B915D2A-B687-4897-AFA9-333688C488A2}.Release|Any CPU.ActiveCfg = Release|Any CPU
		{1B915D2A-B687-4897-AFA9-333688C488A2}.Release|Any CPU.Build.0 = Release|Any CPU
		{1B915D2A-B687-4897-AFA9-333688C488A2}.Release|x64.ActiveCfg = Release|Any CPU
		{1B915D2A-B687-4897-AFA9-333688C488A2}.Release|x64.Build.0 = Release|Any CPU
		{1B915D2A-B687-4897-AFA9-333688C488A2}.Release|x86.ActiveCfg = Release|Any CPU
		{1B915D2A-B687-4897-AFA9-333688C488A2}.Release|x86.Build.0 = Release|Any CPU
		{49BBE9C3-6339-46C5-A02A-12F2A56F5D28}.Debug|Any CPU.ActiveCfg = Debug|Any CPU
		{49BBE9C3-6339-46C5-A02A-12F2A56F5D28}.Debug|Any CPU.Build.0 = Debug|Any CPU
		{49BBE9C3-6339-46C5-A02A-12F2A56F5D28}.Debug|x64.ActiveCfg = Debug|Any CPU
		{49BBE9C3-6339-46C5-A02A-12F2A56F5D28}.Debug|x64.Build.0 = Debug|Any CPU
		{49BBE9C3-6339-46C5-A02A-12F2A56F5D28}.Debug|x86.ActiveCfg = Debug|Any CPU
		{49BBE9C3-6339-46C5-A02A-12F2A56F5D28}.Debug|x86.Build.0 = Debug|Any CPU
		{49BBE9C3-6339-46C5-A02A-12F2A56F5D28}.Release|Any CPU.ActiveCfg = Release|Any CPU
		{49BBE9C3-6339-46C5-A02A-12F2A56F5D28}.Release|Any CPU.Build.0 = Release|Any CPU
		{49BBE9C3-6339-46C5-A02A-12F2A56F5D28}.Release|x64.ActiveCfg = Release|Any CPU
		{49BBE9C3-6339-46C5-A02A-12F2A56F5D28}.Release|x64.Build.0 = Release|Any CPU
		{49BBE9C3-6339-46C5-A02A-12F2A56F5D28}.Release|x86.ActiveCfg = Release|Any CPU
		{49BBE9C3-6339-46C5-A02A-12F2A56F5D28}.Release|x86.Build.0 = Release|Any CPU
		{14FBEBA5-E126-4BB8-83F0-5BB2BA4B25E3}.Debug|Any CPU.ActiveCfg = Debug|Any CPU
		{14FBEBA5-E126-4BB8-83F0-5BB2BA4B25E3}.Debug|Any CPU.Build.0 = Debug|Any CPU
		{14FBEBA5-E126-4BB8-83F0-5BB2BA4B25E3}.Debug|x64.ActiveCfg = Debug|Any CPU
		{14FBEBA5-E126-4BB8-83F0-5BB2BA4B25E3}.Debug|x64.Build.0 = Debug|Any CPU
		{14FBEBA5-E126-4BB8-83F0-5BB2BA4B25E3}.Debug|x86.ActiveCfg = Debug|Any CPU
		{14FBEBA5-E126-4BB8-83F0-5BB2BA4B25E3}.Debug|x86.Build.0 = Debug|Any CPU
		{14FBEBA5-E126-4BB8-83F0-5BB2BA4B25E3}.Release|Any CPU.ActiveCfg = Release|Any CPU
		{14FBEBA5-E126-4BB8-83F0-5BB2BA4B25E3}.Release|Any CPU.Build.0 = Release|Any CPU
		{14FBEBA5-E126-4BB8-83F0-5BB2BA4B25E3}.Release|x64.ActiveCfg = Release|Any CPU
		{14FBEBA5-E126-4BB8-83F0-5BB2BA4B25E3}.Release|x64.Build.0 = Release|Any CPU
		{14FBEBA5-E126-4BB8-83F0-5BB2BA4B25E3}.Release|x86.ActiveCfg = Release|Any CPU
		{14FBEBA5-E126-4BB8-83F0-5BB2BA4B25E3}.Release|x86.Build.0 = Release|Any CPU
		{7D7B9707-0686-462A-9F8D-7D3A669D366A}.Debug|Any CPU.ActiveCfg = Debug|Any CPU
		{7D7B9707-0686-462A-9F8D-7D3A669D366A}.Debug|Any CPU.Build.0 = Debug|Any CPU
		{7D7B9707-0686-462A-9F8D-7D3A669D366A}.Debug|x64.ActiveCfg = Debug|Any CPU
		{7D7B9707-0686-462A-9F8D-7D3A669D366A}.Debug|x64.Build.0 = Debug|Any CPU
		{7D7B9707-0686-462A-9F8D-7D3A669D366A}.Debug|x86.ActiveCfg = Debug|Any CPU
		{7D7B9707-0686-462A-9F8D-7D3A669D366A}.Debug|x86.Build.0 = Debug|Any CPU
		{7D7B9707-0686-462A-9F8D-7D3A669D366A}.Release|Any CPU.ActiveCfg = Release|Any CPU
		{7D7B9707-0686-462A-9F8D-7D3A669D366A}.Release|Any CPU.Build.0 = Release|Any CPU
		{7D7B9707-0686-462A-9F8D-7D3A669D366A}.Release|x64.ActiveCfg = Release|Any CPU
		{7D7B9707-0686-462A-9F8D-7D3A669D366A}.Release|x64.Build.0 = Release|Any CPU
		{7D7B9707-0686-462A-9F8D-7D3A669D366A}.Release|x86.ActiveCfg = Release|Any CPU
		{7D7B9707-0686-462A-9F8D-7D3A669D366A}.Release|x86.Build.0 = Release|Any CPU
		{E0EA00DE-8A35-492E-8E65-6995CD27F096}.Debug|Any CPU.ActiveCfg = Debug|Any CPU
		{E0EA00DE-8A35-492E-8E65-6995CD27F096}.Debug|Any CPU.Build.0 = Debug|Any CPU
		{E0EA00DE-8A35-492E-8E65-6995CD27F096}.Debug|x64.ActiveCfg = Debug|Any CPU
		{E0EA00DE-8A35-492E-8E65-6995CD27F096}.Debug|x64.Build.0 = Debug|Any CPU
		{E0EA00DE-8A35-492E-8E65-6995CD27F096}.Debug|x86.ActiveCfg = Debug|Any CPU
		{E0EA00DE-8A35-492E-8E65-6995CD27F096}.Debug|x86.Build.0 = Debug|Any CPU
		{E0EA00DE-8A35-492E-8E65-6995CD27F096}.Release|Any CPU.ActiveCfg = Release|Any CPU
		{E0EA00DE-8A35-492E-8E65-6995CD27F096}.Release|Any CPU.Build.0 = Release|Any CPU
		{E0EA00DE-8A35-492E-8E65-6995CD27F096}.Release|x64.ActiveCfg = Release|Any CPU
		{E0EA00DE-8A35-492E-8E65-6995CD27F096}.Release|x64.Build.0 = Release|Any CPU
		{E0EA00DE-8A35-492E-8E65-6995CD27F096}.Release|x86.ActiveCfg = Release|Any CPU
		{E0EA00DE-8A35-492E-8E65-6995CD27F096}.Release|x86.Build.0 = Release|Any CPU
	EndGlobalSection
	GlobalSection(SolutionProperties) = preSolution
		HideSolutionNode = FALSE
	EndGlobalSection
	GlobalSection(NestedProjects) = preSolution
		{8B290487-4C16-E85E-E807-F579CBE9FC4D} = {827E0CD3-B72D-47B6-A68D-7590B98EB39B}
		{999F8332-F72D-4619-A5AB-21B75C3D4A12} = {8B290487-4C16-E85E-E807-F579CBE9FC4D}
		{8C6B54D4-C615-4E07-B37B-70FEFD559423} = {8B290487-4C16-E85E-E807-F579CBE9FC4D}
		{A145C51F-FB93-48BF-BFD2-B8EB6DC8AA57} = {8B290487-4C16-E85E-E807-F579CBE9FC4D}
		{2568312A-F56B-48A4-8F7A-8584A2150173} = {8B290487-4C16-E85E-E807-F579CBE9FC4D}
		{1B915D2A-B687-4897-AFA9-333688C488A2} = {8B290487-4C16-E85E-E807-F579CBE9FC4D}
		{49BBE9C3-6339-46C5-A02A-12F2A56F5D28} = {8B290487-4C16-E85E-E807-F579CBE9FC4D}
		{9D556B49-86D1-93A7-9596-FFAAB74EC556} = {0AB3BF05-4346-4AA6-1389-037BE0695223}
		{77C478CE-12C3-523C-F58C-2E5D00FC4F46} = {9D556B49-86D1-93A7-9596-FFAAB74EC556}
		{14FBEBA5-E126-4BB8-83F0-5BB2BA4B25E3} = {77C478CE-12C3-523C-F58C-2E5D00FC4F46}
		{7D7B9707-0686-462A-9F8D-7D3A669D366A} = {77C478CE-12C3-523C-F58C-2E5D00FC4F46}
		{E0EA00DE-8A35-492E-8E65-6995CD27F096} = {77C478CE-12C3-523C-F58C-2E5D00FC4F46}
	EndGlobalSection
EndGlobal
